
Microsoft Visual Studio Solution File, Format Version 12.00
Project("{FAE04EC0-301F-11D3-BF4B-00C04F79EFBC}") = "DSA.Tests", "DSA.Tests\DSA.Tests.csproj", "{0723BF72-AA94-4E47-A8C3-69096AEBF5DF}"
EndProject
Project("{FAE04EC0-301F-11D3-BF4B-00C04F79EFBC}") = "DSA.DataStructures", "DSA.DataStructures\DSA.DataStructures.csproj", "{895DD3E3-C0B3-466C-A3D6-547EEBE22BDF}"
EndProject
Global
	GlobalSection(SolutionConfigurationPlatforms) = preSolution
		Debug|Any CPU = Debug|Any CPU
		Release|Any CPU = Release|Any CPU
	EndGlobalSection
	GlobalSection(ProjectConfigurationPlatforms) = postSolution
		{0723BF72-AA94-4E47-A8C3-69096AEBF5DF}.Debug|Any CPU.ActiveCfg = Debug|Any CPU
		{0723BF72-AA94-4E47-A8C3-69096AEBF5DF}.Debug|Any CPU.Build.0 = Debug|Any CPU
		{0723BF72-AA94-4E47-A8C3-69096AEBF5DF}.Release|Any CPU.ActiveCfg = Release|Any CPU
		{0723BF72-AA94-4E47-A8C3-69096AEBF5DF}.Release|Any CPU.Build.0 = Release|Any CPU
		{895DD3E3-C0B3-466C-A3D6-547EEBE22BDF}.Debug|Any CPU.ActiveCfg = Debug|Any CPU
		{895DD3E3-C0B3-466C-A3D6-547EEBE22BDF}.Debug|Any CPU.Build.0 = Debug|Any CPU
		{895DD3E3-C0B3-466C-A3D6-547EEBE22BDF}.Release|Any CPU.ActiveCfg = Release|Any CPU
		{895DD3E3-C0B3-466C-A3D6-547EEBE22BDF}.Release|Any CPU.Build.0 = Release|Any CPU
	EndGlobalSection
EndGlobal
